
Microsoft Visual Studio Solution File, Format Version 12.00
# Visual Studio Version 16
VisualStudioVersion = 16.0.29609.76
MinimumVisualStudioVersion = 10.0.40219.1
Project("{FAE04EC0-301F-11D3-BF4B-00C04F79EFBC}") = "lutas", "lutas.csproj", "{6041E9D1-8088-49B2-A334-B03CB90BA831}"
EndProject
Global
	GlobalSection(SolutionConfigurationPlatforms) = preSolution
		Debug|Any CPU = Debug|Any CPU
		Release|Any CPU = Release|Any CPU
	EndGlobalSection
	GlobalSection(ProjectConfigurationPlatforms) = postSolution
		{6041E9D1-8088-49B2-A334-B03CB90BA831}.Debug|Any CPU.ActiveCfg = Debug|Any CPU
		{6041E9D1-8088-49B2-A334-B03CB90BA831}.Debug|Any CPU.Build.0 = Debug|Any CPU
		{6041E9D1-8088-49B2-A334-B03CB90BA831}.Release|Any CPU.ActiveCfg = Release|Any CPU
		{6041E9D1-8088-49B2-A334-B03CB90BA831}.Release|Any CPU.Build.0 = Release|Any CPU
	EndGlobalSection
	GlobalSection(SolutionProperties) = preSolution
		HideSolutionNode = FALSE
	EndGlobalSection
	GlobalSection(ExtensibilityGlobals) = postSolution
		SolutionGuid = {A5C3062D-B4D3-4F3A-BE39-D83ABC627F05}
	EndGlobalSection
EndGlobal
